{
  "name": "werewolf-game",
  "version": "1.0.0",
  "lockfileVersion": 3,
  "requires": true,
  "packages": {
    "": {
      "name": "werewolf-game",
      "version": "1.0.0",
      "license": "ISC",
      "engines": {
        "npm": "use pnpm please!",
        "pnpm": ">=10.1.0",
        "yarn": "use pnpm please!"
      }
    }
  }
}
